
Microsoft Visual Studio Solution File, Format Version 12.00
Project("{FAE04EC0-301F-11D3-BF4B-00C04F79EFBC}") = "PersonalWebsite", "PersonalWebsite\PersonalWebsite.csproj", "{0E3A6860-00BC-4ED8-917B-5FC3FE684606}"
EndProject
Project("{2150E333-8FDC-42A3-9474-1A3956D46DE8}") = "Solution Items", "Solution Items", "{81D050C3-6375-4C01-8BC7-49F4222198D8}"
	ProjectSection(SolutionItems) = preProject
		compose.yaml = compose.yaml
	EndProjectSection
EndProject
Global
	GlobalSection(SolutionConfigurationPlatforms) = preSolution
		Debug|Any CPU = Debug|Any CPU
		Release|Any CPU = Release|Any CPU
	EndGlobalSection
	GlobalSection(ProjectConfigurationPlatforms) = postSolution
		{0E3A6860-00BC-4ED8-917B-5FC3FE684606}.Debug|Any CPU.ActiveCfg = Debug|Any CPU
		{0E3A6860-00BC-4ED8-917B-5FC3FE684606}.Debug|Any CPU.Build.0 = Debug|Any CPU
		{0E3A6860-00BC-4ED8-917B-5FC3FE684606}.Release|Any CPU.ActiveCfg = Release|Any CPU
		{0E3A6860-00BC-4ED8-917B-5FC3FE684606}.Release|Any CPU.Build.0 = Release|Any CPU
	EndGlobalSection
EndGlobal
