
Microsoft Visual Studio Solution File, Format Version 12.00
# Visual Studio Version 17
VisualStudioVersion = 17.0.31903.59
MinimumVisualStudioVersion = 10.0.40219.1
Project("{FAE04EC0-301F-11D3-BF4B-00C04F79EFBC}") = "Backend.Api", "Backend.Api\Backend.Api.csproj", "{E647CD2D-4763-4CE9-A833-90110AE44727}"
EndProject
Project("{2150E333-8FDC-42A3-9474-1A3956D46DE8}") = "External", "External", "{5F977733-746E-4C57-AC43-4DD0C80D6DAD}"
	ProjectSection(SolutionItems) = preProject
		..\compose.yaml = ..\compose.yaml
		..\.github\workflows\update-dockercompose.yml = ..\.github\workflows\update-dockercompose.yml
		..\.github\workflows\backend-docker-build-push.yml = ..\.github\workflows\backend-docker-build-push.yml
		..\.github\workflows\database-migration.yml = ..\.github\workflows\database-migration.yml
		GitVersion.yaml = GitVersion.yaml
	EndProjectSection
EndProject
Project("{FAE04EC0-301F-11D3-BF4B-00C04F79EFBC}") = "Login", "Login\Login.csproj", "{478BBFE5-8C06-4225-A71F-9DF1BC5537E1}"
EndProject
Project("{FAE04EC0-301F-11D3-BF4B-00C04F79EFBC}") = "Database", "Database\Database.csproj", "{EEEADD6A-77AC-4F31-BFFF-7F10EA9311AB}"
EndProject
Global
	GlobalSection(SolutionConfigurationPlatforms) = preSolution
		Debug|Any CPU = Debug|Any CPU
		Release|Any CPU = Release|Any CPU
	EndGlobalSection
	GlobalSection(SolutionProperties) = preSolution
		HideSolutionNode = FALSE
	EndGlobalSection
	GlobalSection(ProjectConfigurationPlatforms) = postSolution
		{E647CD2D-4763-4CE9-A833-90110AE44727}.Debug|Any CPU.ActiveCfg = Debug|Any CPU
		{E647CD2D-4763-4CE9-A833-90110AE44727}.Debug|Any CPU.Build.0 = Debug|Any CPU
		{E647CD2D-4763-4CE9-A833-90110AE44727}.Release|Any CPU.ActiveCfg = Release|Any CPU
		{E647CD2D-4763-4CE9-A833-90110AE44727}.Release|Any CPU.Build.0 = Release|Any CPU
		{478BBFE5-8C06-4225-A71F-9DF1BC5537E1}.Debug|Any CPU.ActiveCfg = Debug|Any CPU
		{478BBFE5-8C06-4225-A71F-9DF1BC5537E1}.Debug|Any CPU.Build.0 = Debug|Any CPU
		{478BBFE5-8C06-4225-A71F-9DF1BC5537E1}.Release|Any CPU.ActiveCfg = Release|Any CPU
		{478BBFE5-8C06-4225-A71F-9DF1BC5537E1}.Release|Any CPU.Build.0 = Release|Any CPU
		{EEEADD6A-77AC-4F31-BFFF-7F10EA9311AB}.Debug|Any CPU.ActiveCfg = Debug|Any CPU
		{EEEADD6A-77AC-4F31-BFFF-7F10EA9311AB}.Debug|Any CPU.Build.0 = Debug|Any CPU
		{EEEADD6A-77AC-4F31-BFFF-7F10EA9311AB}.Release|Any CPU.ActiveCfg = Release|Any CPU
		{EEEADD6A-77AC-4F31-BFFF-7F10EA9311AB}.Release|Any CPU.Build.0 = Release|Any CPU
	EndGlobalSection
EndGlobal
