
Microsoft Visual Studio Solution File, Format Version 12.00
# Visual Studio Version 17
VisualStudioVersion = 17.0.31903.59
MinimumVisualStudioVersion = 10.0.40219.1
Project("{FAE04EC0-301F-11D3-BF4B-00C04F79EFBC}") = "Backend.Api", "Backend.Api\Backend.Api.csproj", "{E647CD2D-4763-4CE9-A833-90110AE44727}"
EndProject
Project("{2150E333-8FDC-42A3-9474-1A3956D46DE8}") = "External", "External", "{5F977733-746E-4C57-AC43-4DD0C80D6DAD}"
	ProjectSection(SolutionItems) = preProject
		..\compose.yaml = ..\compose.yaml
		..\.github\workflows\docker-image.yml = ..\.github\workflows\docker-image.yml
		..\.github\workflows\update-dockercompose.yml = ..\.github\workflows\update-dockercompose.yml
	EndProjectSection
EndProject
Global
	GlobalSection(SolutionConfigurationPlatforms) = preSolution
		Debug|Any CPU = Debug|Any CPU
		Release|Any CPU = Release|Any CPU
	EndGlobalSection
	GlobalSection(SolutionProperties) = preSolution
		HideSolutionNode = FALSE
	EndGlobalSection
	GlobalSection(ProjectConfigurationPlatforms) = postSolution
		{E647CD2D-4763-4CE9-A833-90110AE44727}.Debug|Any CPU.ActiveCfg = Debug|Any CPU
		{E647CD2D-4763-4CE9-A833-90110AE44727}.Debug|Any CPU.Build.0 = Debug|Any CPU
		{E647CD2D-4763-4CE9-A833-90110AE44727}.Release|Any CPU.ActiveCfg = Release|Any CPU
		{E647CD2D-4763-4CE9-A833-90110AE44727}.Release|Any CPU.Build.0 = Release|Any CPU
	EndGlobalSection
EndGlobal
